
Microsoft Visual Studio Solution File, Format Version 12.00
# Visual Studio Version 17
VisualStudioVersion = 17.4.33110.190
MinimumVisualStudioVersion = 10.0.40219.1
Project("{FAE04EC0-301F-11D3-BF4B-00C04F79EFBC}") = "FileToFisherYatesShuffle", "FileToFisherYatesShuffle\FileToFisherYatesShuffle.csproj", "{AF640F33-2988-4A56-B763-440E7EDDB3D4}"
EndProject
Global
	GlobalSection(SolutionConfigurationPlatforms) = preSolution
		Debug|Any CPU = Debug|Any CPU
		Release|Any CPU = Release|Any CPU
	EndGlobalSection
	GlobalSection(ProjectConfigurationPlatforms) = postSolution
		{AF640F33-2988-4A56-B763-440E7EDDB3D4}.Debug|Any CPU.ActiveCfg = Debug|Any CPU
		{AF640F33-2988-4A56-B763-440E7EDDB3D4}.Debug|Any CPU.Build.0 = Debug|Any CPU
		{AF640F33-2988-4A56-B763-440E7EDDB3D4}.Release|Any CPU.ActiveCfg = Release|Any CPU
		{AF640F33-2988-4A56-B763-440E7EDDB3D4}.Release|Any CPU.Build.0 = Release|Any CPU
	EndGlobalSection
	GlobalSection(SolutionProperties) = preSolution
		HideSolutionNode = FALSE
	EndGlobalSection
	GlobalSection(ExtensibilityGlobals) = postSolution
		SolutionGuid = {F5D4896C-BBA6-40DA-8D74-3B981568883C}
	EndGlobalSection
EndGlobal
